// !$*UTF8*$!
{
	archiveVersion = 1;
	classes = {
	};
	objectVersion = 46;
	objects = {

/* Begin PBXBuildFile section */
		529EA3DD1BCEB977004BE881 /* AppDelegate.swift in Sources */ = {isa = PBXBuildFile; fileRef = 529EA3DC1BCEB977004BE881 /* AppDelegate.swift */; };
		529EA3DF1BCEB977004BE881 /* ViewController.swift in Sources */ = {isa = PBXBuildFile; fileRef = 529EA3DE1BCEB977004BE881 /* ViewController.swift */; };
		529EA3E21BCEB977004BE881 /* Main.storyboard in Resources */ = {isa = PBXBuildFile; fileRef = 529EA3E01BCEB977004BE881 /* Main.storyboard */; };
		529EA3E41BCEB977004BE881 /* Assets.xcassets in Resources */ = {isa = PBXBuildFile; fileRef = 529EA3E31BCEB977004BE881 /* Assets.xcassets */; };
		529EA3E71BCEB977004BE881 /* LaunchScreen.storyboard in Resources */ = {isa = PBXBuildFile; fileRef = 529EA3E51BCEB977004BE881 /* LaunchScreen.storyboard */; };
/* End PBXBuildFile section */

/* Begin PBXFileReference section */
		529EA3D91BCEB977004BE881 /* SimplePageViewController.app */ = {isa = PBXFileReference; explicitFileType = wrapper.application; includeInIndex = 0; path = SimplePageViewController.app; sourceTree = BUILT_PRODUCTS_DIR; };
		529EA3DC1BCEB977004BE881 /* AppDelegate.swift */ = {isa = PBXFileReference; lastKnownFileType = sourcecode.swift; path = AppDelegate.swift; sourceTree = "<group>"; };
		529EA3DE1BCEB977004BE881 /* ViewController.swift */ = {isa = PBXFileReference; lastKnownFileType = sourcecode.swift; path = ViewController.swift; sourceTree = "<group>"; };
		529EA3E11BCEB977004BE881 /* Base */ = {isa = PBXFileReference; lastKnownFileType = file.storyboard; name = Base; path = Base.lproj/Main.storyboard; sourceTree = "<group>"; };
		529EA3E31BCEB977004BE881 /* Assets.xcassets */ = {isa = PBXFileReference; lastKnownFileType = folder.assetcatalog; path = Assets.xcassets; sourceTree = "<group>"; };
		529EA3E61BCEB977004BE881 /* Base */ = {isa = PBXFileReference; lastKnownFileType = file.storyboard; name = Base; path = Base.lproj/LaunchScreen.storyboard; sourceTree = "<group>"; };
		529EA3E81BCEB977004BE881 /* Info.plist */ = {isa = PBXFileReference; lastKnownFileType = text.plist.xml; path = Info.plist; sourceTree = "<group>"; };
/* End PBXFileReference section */

/* Begin PBXFrameworksBuildPhase section */
		529EA3D61BCEB977004BE881 /* Frameworks */ = {
			isa = PBXFrameworksBuildPhase;
			buildActionMask = 2147483647;
			files = (
			);
			runOnlyForDeploymentPostprocessing = 0;
		};
/* End PBXFrameworksBuildPhase section */

/* Begin PBXGroup section */
		529EA3D01BCEB977004BE881 = {
			isa = PBXGroup;
			children = (
				529EA3DB1BCEB977004BE881 /* SimplePageViewController */,
				529EA3DA1BCEB977004BE881 /* Products */,
			);
			sourceTree = "<group>";
		};
		529EA3DA1BCEB977004BE881 /* Products */ = {
			isa = PBXGroup;
			children = (
				529EA3D91BCEB977004BE881 /* SimplePageViewController.app */,
			);
			name = Products;
			sourceTree = "<group>";
		};
		529EA3DB1BCEB977004BE881 /* SimplePageViewController */ = {
			isa = PBXGroup;
			children = (
				529EA3DC1BCEB977004BE881 /* AppDelegate.swift */,
				529EA3DE1BCEB977004BE881 /* ViewController.swift */,
				529EA3E01BCEB977004BE881 /* Main.storyboard */,
				529EA3E31BCEB977004BE881 /* Assets.xcassets */,
				529EA3E51BCEB977004BE881 /* LaunchScreen.storyboard */,
				529EA3E81BCEB977004BE881 /* Info.plist */,
			);
			path = SimplePageViewController;
			sourceTree = "<group>";
		};
/* End PBXGroup section */

/* Begin PBXNativeTarget section */
		529EA3D81BCEB977004BE881 /* SimplePageViewController */ = {
			isa = PBXNativeTarget;
			buildConfigurationList = 529EA3EB1BCEB977004BE881 /* Build configuration list for PBXNativeTarget "SimplePageViewController" */;
			buildPhases = (
				529EA3D51BCEB977004BE881 /* Sources */,
				529EA3D61BCEB977004BE881 /* Frameworks */,
				529EA3D71BCEB977004BE881 /* Resources */,
			);
			buildRules = (
			);
			dependencies = (
			);
			name = SimplePageViewController;
			productName = SimplePageViewController;
			productReference = 529EA3D91BCEB977004BE881 /* SimplePageViewController.app */;
			productType = "com.apple.product-type.application";
		};
/* End PBXNativeTarget section */

/* Begin PBXProject section */
		529EA3D11BCEB977004BE881 /* Project object */ = {
			isa = PBXProject;
			attributes = {
				LastUpgradeCheck = 0700;
				ORGANIZATIONNAME = johnregner;
				TargetAttributes = {
					529EA3D81BCEB977004BE881 = {
						CreatedOnToolsVersion = 7.0.1;
					};
				};
			};
			buildConfigurationList = 529EA3D41BCEB977004BE881 /* Build configuration list for PBXProject "SimplePageViewController" */;
			compatibilityVersion = "Xcode 3.2";
			developmentRegion = English;
			hasScannedForEncodings = 0;
			knownRegions = (
				en,
				Base,
			);
			mainGroup = 529EA3D01BCEB977004BE881;
			productRefGroup = 529EA3DA1BCEB977004BE881 /* Products */;
			projectDirPath = "";
			projectRoot = "";
			targets = (
				529EA3D81BCEB977004BE881 /* SimplePageViewController */,
			);
		};
/* End PBXProject section */

/* Begin PBXResourcesBuildPhase section */
		529EA3D71BCEB977004BE881 /* Resources */ = {
			isa = PBXResourcesBuildPhase;
			buildActionMask = 2147483647;
			files = (
				529EA3E71BCEB977004BE881 /* LaunchScreen.storyboard in Resources */,
				529EA3E41BCEB977004BE881 /* Assets.xcassets in Resources */,
				529EA3E21BCEB977004BE881 /* Main.storyboard in Resources */,
			);
			runOnlyForDeploymentPostprocessing = 0;
		};
/* End PBXResourcesBuildPhase section */

/* Begin PBXSourcesBuildPhase section */
		529EA3D51BCEB977004BE881 /* Sources */ = {
			isa = PBXSourcesBuildPhase;
			buildActionMask = 2147483647;
			files = (
				529EA3DF1BCEB977004BE881 /* ViewController.swift in Sources */,
				529EA3DD1BCEB977004BE881 /* AppDelegate.swift in Sources */,
			);
			runOnlyForDeploymentPostprocessing = 0;
		};
/* End PBXSourcesBuildPhase section */

/* Begin PBXVariantGroup section */
		529EA3E01BCEB977004BE881 /* Main.storyboard */ = {
			isa = PBXVariantGroup;
			children = (
				529EA3E11BCEB977004BE881 /* Base */,
			);
			name = Main.storyboard;
			sourceTree = "<group>";
		};
		529EA3E51BCEB977004BE881 /* LaunchScreen.storyboard */ = {
			isa = PBXVariantGroup;
			children = (
				529EA3E61BCEB977004BE881 /* Base */,
			);
			name = LaunchScreen.storyboard;
			sourceTree = "<group>";
		};
/* End PBXVariantGroup section */

/* Begin XCBuildConfiguration section */
		529EA3E91BCEB977004BE881 /* Debug */ = {
			isa = XCBuildConfiguration;
			buildSettings = {
				ALWAYS_SEARCH_USER_PATHS = NO;
				CLANG_CXX_LANGUAGE_STANDARD = "gnu++0x";
				CLANG_CXX_LIBRARY = "libc++";
				CLANG_ENABLE_MODULES = YES;
				CLANG_ENABLE_OBJC_ARC = YES;
				CLANG_WARN_BOOL_CONVERSION = YES;
				CLANG_WARN_CONSTANT_CONVERSION = YES;
				CLANG_WARN_DIRECT_OBJC_ISA_USAGE = YES_ERROR;
				CLANG_WARN_EMPTY_BODY = YES;
				CLANG_WARN_ENUM_CONVERSION = YES;
				CLANG_WARN_INT_CONVERSION = YES;
				CLANG_WARN_OBJC_ROOT_CLASS = YES_ERROR;
				CLANG_WARN_UNREACHABLE_CODE = YES;
				CLANG_WARN__DUPLICATE_METHOD_MATCH = YES;
				"CODE_SIGN_IDENTITY[sdk=iphoneos*]" = "iPhone Developer";
				COPY_PHASE_STRIP = NO;
				DEBUG_INFORMATION_FORMAT = dwarf;
				ENABLE_STRICT_OBJC_MSGSEND = YES;
				ENABLE_TESTABILITY = YES;
				GCC_C_LANGUAGE_STANDARD = gnu99;
				GCC_DYNAMIC_NO_PIC = NO;
				GCC_NO_COMMON_BLOCKS = YES;
				GCC_OPTIMIZATION_LEVEL = 0;
				GCC_PREPROCESSOR_DEFINITIONS = (
					"DEBUG=1",
					"$(inherited)",
				);
				GCC_WARN_64_TO_32_BIT_CONVERSION = YES;
				GCC_WARN_ABOUT_RETURN_TYPE = YES_ERROR;
				GCC_WARN_UNDECLARED_SELECTOR = YES;
				GCC_WARN_UNINITIALIZED_AUTOS = YES_AGGRESSIVE;
				GCC_WARN_UNUSED_FUNCTION = YES;
				GCC_WARN_UNUSED_VARIABLE = YES;
				IPHONEOS_DEPLOYMENT_TARGET = 9.0;
				MTL_ENABLE_DEBUG_INFO = YES;
				ONLY_ACTIVE_ARCH = YES;
				SDKROOT = iphoneos;
				SWIFT_OPTIMIZATION_LEVEL = "-Onone";
				TARGETED_DEVICE_FAMILY = "1,2";
			};
			name = Debug;
		};
		529EA3EA1BCEB977004BE881 /* Release */ = {
			isa = XCBuildConfiguration;
			buildSettings = {
				ALWAYS_SEARCH_USER_PATHS = NO;
				CLANG_CXX_LANGUAGE_STANDARD = "gnu++0x";
				CLANG_CXX_LIBRARY = "libc++";
				CLANG_ENABLE_MODULES = YES;
				CLANG_ENABLE_OBJC_ARC = YES;
				CLANG_WARN_BOOL_CONVERSION = YES;
				CLANG_WARN_CONSTANT_CONVERSION = YES;
				CLANG_WARN_DIRECT_OBJC_ISA_USAGE = YES_ERROR;
				CLANG_WARN_EMPTY_BODY = YES;
				CLANG_WARN_ENUM_CONVERSION = YES;
				CLANG_WARN_INT_CONVERSION = YES;
				CLANG_WARN_OBJC_ROOT_CLASS = YES_ERROR;
				CLANG_WARN_UNREACHABLE_CODE = YES;
				CLANG_WARN__DUPLICATE_METHOD_MATCH = YES;
				"CODE_SIGN_IDENTITY[sdk=iphoneos*]" = "iPhone Developer";
				COPY_PHASE_STRIP = NO;
				DEBUG_INFORMATION_FORMAT = "dwarf-with-dsym";
				ENABLE_NS_ASSERTIONS = NO;
				ENABLE_STRICT_OBJC_MSGSEND = YES;
				GCC_C_LANGUAGE_STANDARD = gnu99;
				GCC_NO_COMMON_BLOCKS = YES;
				GCC_WARN_64_TO_32_BIT_CONVERSION = YES;
				GCC_WARN_ABOUT_RETURN_TYPE = YES_ERROR;
				GCC_WARN_UNDECLARED_SELECTOR = YES;
				GCC_WARN_UNINITIALIZED_AUTOS = YES_AGGRESSIVE;
				GCC_WARN_UNUSED_FUNCTION = YES;
				GCC_WARN_UNUSED_VARIABLE = YES;
				IPHONEOS_DEPLOYMENT_TARGET = 9.0;
				MTL_ENABLE_DEBUG_INFO = NO;
				SDKROOT = iphoneos;
				TARGETED_DEVICE_FAMILY = "1,2";
				VALIDATE_PRODUCT = YES;
			};
			name = Release;
		};
		529EA3EC1BCEB977004BE881 /* Debug */ = {
			isa = XCBuildConfiguration;
			buildSettings = {
				ASSETCATALOG_COMPILER_APPICON_NAME = AppIcon;
				INFOPLIST_FILE = SimplePageViewController/Info.plist;
				LD_RUNPATH_SEARCH_PATHS = "$(inherited) @executable_path/Frameworks";
				PRODUCT_BUNDLE_IDENTIFIER = com.johnregner.SimplePageViewController;
				PRODUCT_NAME = "$(TARGET_NAME)";
			};
			name = Debug;
		};
		529EA3ED1BCEB977004BE881 /* Release */ = {
			isa = XCBuildConfiguration;
			buildSettings = {
				ASSETCATALOG_COMPILER_APPICON_NAME = AppIcon;
				INFOPLIST_FILE = SimplePageViewController/Info.plist;
				LD_RUNPATH_SEARCH_PATHS = "$(inherited) @executable_path/Frameworks";
				PRODUCT_BUNDLE_IDENTIFIER = com.johnregner.SimplePageViewController;
				PRODUCT_NAME = "$(TARGET_NAME)";
			};
			name = Release;
		};
/* End XCBuildConfiguration section */

/* Begin XCConfigurationList section */
		529EA3D41BCEB977004BE881 /* Build configuration list for PBXProject "SimplePageViewController" */ = {
			isa = XCConfigurationList;
			buildConfigurations = (
				529EA3E91BCEB977004BE881 /* Debug */,
				529EA3EA1BCEB977004BE881 /* Release */,
			);
			defaultConfigurationIsVisible = 0;
			defaultConfigurationName = Release;
		};
		529EA3EB1BCEB977004BE881 /* Build configuration list for PBXNativeTarget "SimplePageViewController" */ = {
			isa = XCConfigurationList;
			buildConfigurations = (
				529EA3EC1BCEB977004BE881 /* Debug */,
				529EA3ED1BCEB977004BE881 /* Release */,
			);
			defaultConfigurationIsVisible = 0;
		};
/* End XCConfigurationList section */
	};
	rootObject = 529EA3D11BCEB977004BE881 /* Project object */;
}
